# This is a Gradle generated file for dependency locking.
# Manual edits can break the build and are not advised.
# This file is expected to be part of source control.
ch.qos.logback:logback-classic:1.5.6=allTestSourceSetsCompileDependenciesMetadata,commonTestDependencySources,jvmTestApiDependenciesMetadata,jvmTestCompileClasspath,jvmTestCompileOnlyDependenciesMetadata,jvmTestDependencySources,jvmTestImplementationDependenciesMetadata,jvmTestResolvableDependenciesMetadata,jvmTestRuntimeClasspath
ch.qos.logback:logback-core:1.5.6=allTestSourceSetsCompileDependenciesMetadata,commonTestDependencySources,jvmTestApiDependenciesMetadata,jvmTestCompileClasspath,jvmTestCompileOnlyDependenciesMetadata,jvmTestDependencySources,jvmTestImplementationDependenciesMetadata,jvmTestResolvableDependenciesMetadata,jvmTestRuntimeClasspath
co.touchlab:stately-concurrency-jvm:2.0.6=jvmTestCompileClasspath,jvmTestRuntimeClasspath
co.touchlab:stately-concurrency:2.0.6=allTestSourceSetsCompileDependenciesMetadata,commonTestApiDependenciesMetadata,commonTestCompileOnlyDependenciesMetadata,commonTestImplementationDependenciesMetadata,commonTestResolvableDependenciesMetadata,jvmTestApiDependenciesMetadata,jvmTestCompileClasspath,jvmTestCompileOnlyDependenciesMetadata,jvmTestImplementationDependenciesMetadata,jvmTestResolvableDependenciesMetadata,jvmTestRuntimeClasspath
co.touchlab:stately-concurrent-collections-jvm:2.0.6=jvmTestCompileClasspath,jvmTestRuntimeClasspath
co.touchlab:stately-concurrent-collections:2.0.6=allTestSourceSetsCompileDependenciesMetadata,commonTestApiDependenciesMetadata,commonTestCompileOnlyDependenciesMetadata,commonTestImplementationDependenciesMetadata,commonTestResolvableDependenciesMetadata,jvmTestApiDependenciesMetadata,jvmTestCompileClasspath,jvmTestCompileOnlyDependenciesMetadata,jvmTestImplementationDependenciesMetadata,jvmTestResolvableDependenciesMetadata,jvmTestRuntimeClasspath
co.touchlab:stately-strict-jvm:2.0.6=jvmTestRuntimeClasspath
co.touchlab:stately-strict:2.0.6=allTestSourceSetsCompileDependenciesMetadata,commonTestApiDependenciesMetadata,commonTestCompileOnlyDependenciesMetadata,commonTestImplementationDependenciesMetadata,commonTestResolvableDependenciesMetadata,jvmTestApiDependenciesMetadata,jvmTestCompileOnlyDependenciesMetadata,jvmTestImplementationDependenciesMetadata,jvmTestResolvableDependenciesMetadata,jvmTestRuntimeClasspath
com.fasterxml.jackson.core:jackson-annotations:2.10.3=allTestSourceSetsCompileDependenciesMetadata,commonTestDependencySources,jvmTestApiDependenciesMetadata,jvmTestCompileClasspath,jvmTestCompileOnlyDependenciesMetadata,jvmTestDependencySources,jvmTestImplementationDependenciesMetadata,jvmTestResolvableDependenciesMetadata,jvmTestRuntimeClasspath
com.github.docker-java:docker-java-api:3.3.6=allTestSourceSetsCompileDependenciesMetadata,commonTestDependencySources,jvmTestApiDependenciesMetadata,jvmTestCompileClasspath,jvmTestCompileOnlyDependenciesMetadata,jvmTestDependencySources,jvmTestImplementationDependenciesMetadata,jvmTestResolvableDependenciesMetadata,jvmTestRuntimeClasspath
com.github.docker-java:docker-java-transport-zerodep:3.3.6=allTestSourceSetsCompileDependenciesMetadata,commonTestDependencySources,jvmTestApiDependenciesMetadata,jvmTestCompileClasspath,jvmTestCompileOnlyDependenciesMetadata,jvmTestDependencySources,jvmTestImplementationDependenciesMetadata,jvmTestResolvableDependenciesMetadata,jvmTestRuntimeClasspath
com.github.docker-java:docker-java-transport:3.3.6=allTestSourceSetsCompileDependenciesMetadata,commonTestDependencySources,jvmTestApiDependenciesMetadata,jvmTestCompileClasspath,jvmTestCompileOnlyDependenciesMetadata,jvmTestDependencySources,jvmTestImplementationDependenciesMetadata,jvmTestResolvableDependenciesMetadata,jvmTestRuntimeClasspath
com.h2database:h2:2.2.224=allTestSourceSetsCompileDependenciesMetadata,commonTestDependencySources,jvmTestApiDependenciesMetadata,jvmTestCompileClasspath,jvmTestCompileOnlyDependenciesMetadata,jvmTestDependencySources,jvmTestImplementationDependenciesMetadata,jvmTestResolvableDependenciesMetadata,jvmTestRuntimeClasspath
com.soywiz.korlibs.kds:kds-jvm:4.0.10=jvmTestRuntimeClasspath
com.soywiz.korlibs.kds:kds:4.0.10=allTestSourceSetsCompileDependenciesMetadata,commonTestApiDependenciesMetadata,commonTestCompileOnlyDependenciesMetadata,commonTestImplementationDependenciesMetadata,commonTestResolvableDependenciesMetadata,jvmTestApiDependenciesMetadata,jvmTestCompileOnlyDependenciesMetadata,jvmTestImplementationDependenciesMetadata,jvmTestResolvableDependenciesMetadata,jvmTestRuntimeClasspath
com.soywiz.korlibs.klock:klock-jvm:4.0.10=jvmTestRuntimeClasspath
com.soywiz.korlibs.klock:klock:4.0.10=allTestSourceSetsCompileDependenciesMetadata,commonTestApiDependenciesMetadata,commonTestCompileOnlyDependenciesMetadata,commonTestImplementationDependenciesMetadata,commonTestResolvableDependenciesMetadata,jvmTestApiDependenciesMetadata,jvmTestCompileOnlyDependenciesMetadata,jvmTestImplementationDependenciesMetadata,jvmTestResolvableDependenciesMetadata,jvmTestRuntimeClasspath
com.soywiz.korlibs.klogger:klogger-jvm:4.0.10=jvmTestRuntimeClasspath
com.soywiz.korlibs.klogger:klogger:4.0.10=allTestSourceSetsCompileDependenciesMetadata,commonTestApiDependenciesMetadata,commonTestCompileOnlyDependenciesMetadata,commonTestImplementationDependenciesMetadata,commonTestResolvableDependenciesMetadata,jvmTestApiDependenciesMetadata,jvmTestCompileOnlyDependenciesMetadata,jvmTestImplementationDependenciesMetadata,jvmTestResolvableDependenciesMetadata,jvmTestRuntimeClasspath
com.soywiz.korlibs.kmem:kmem-jvm:4.0.10=jvmTestRuntimeClasspath
com.soywiz.korlibs.kmem:kmem:4.0.10=allTestSourceSetsCompileDependenciesMetadata,commonTestApiDependenciesMetadata,commonTestCompileOnlyDependenciesMetadata,commonTestImplementationDependenciesMetadata,commonTestResolvableDependenciesMetadata,jvmTestApiDependenciesMetadata,jvmTestCompileOnlyDependenciesMetadata,jvmTestImplementationDependenciesMetadata,jvmTestResolvableDependenciesMetadata,jvmTestRuntimeClasspath
com.soywiz.korlibs.korcoutines:korcoutines-jvm:4.0.10=jvmTestRuntimeClasspath
com.soywiz.korlibs.korcoutines:korcoutines:4.0.10=allTestSourceSetsCompileDependenciesMetadata,commonTestApiDependenciesMetadata,commonTestCompileOnlyDependenciesMetadata,commonTestImplementationDependenciesMetadata,commonTestResolvableDependenciesMetadata,jvmTestApiDependenciesMetadata,jvmTestCompileOnlyDependenciesMetadata,jvmTestImplementationDependenciesMetadata,jvmTestResolvableDependenciesMetadata,jvmTestRuntimeClasspath
com.soywiz.korlibs.korim:korim-jvm:4.0.10=jvmTestRuntimeClasspath
com.soywiz.korlibs.korim:korim:4.0.10=allTestSourceSetsCompileDependenciesMetadata,commonTestApiDependenciesMetadata,commonTestCompileOnlyDependenciesMetadata,commonTestImplementationDependenciesMetadata,commonTestResolvableDependenciesMetadata,jvmTestApiDependenciesMetadata,jvmTestCompileOnlyDependenciesMetadata,jvmTestImplementationDependenciesMetadata,jvmTestResolvableDependenciesMetadata,jvmTestRuntimeClasspath
com.soywiz.korlibs.korio:korio-jvm:4.0.10=jvmTestRuntimeClasspath
com.soywiz.korlibs.korio:korio:4.0.10=allTestSourceSetsCompileDependenciesMetadata,commonTestApiDependenciesMetadata,commonTestCompileOnlyDependenciesMetadata,commonTestImplementationDependenciesMetadata,commonTestResolvableDependenciesMetadata,jvmTestApiDependenciesMetadata,jvmTestCompileOnlyDependenciesMetadata,jvmTestImplementationDependenciesMetadata,jvmTestResolvableDependenciesMetadata,jvmTestRuntimeClasspath
com.soywiz.korlibs.korma:korma-jvm:4.0.10=jvmTestRuntimeClasspath
com.soywiz.korlibs.korma:korma:4.0.10=allTestSourceSetsCompileDependenciesMetadata,commonTestApiDependenciesMetadata,commonTestCompileOnlyDependenciesMetadata,commonTestImplementationDependenciesMetadata,commonTestResolvableDependenciesMetadata,jvmTestApiDependenciesMetadata,jvmTestCompileOnlyDependenciesMetadata,jvmTestImplementationDependenciesMetadata,jvmTestResolvableDependenciesMetadata,jvmTestRuntimeClasspath
com.soywiz.korlibs.krypto:krypto-jvm:4.0.10=jvmTestRuntimeClasspath
com.soywiz.korlibs.krypto:krypto:4.0.10=allTestSourceSetsCompileDependenciesMetadata,commonTestApiDependenciesMetadata,commonTestCompileOnlyDependenciesMetadata,commonTestImplementationDependenciesMetadata,commonTestResolvableDependenciesMetadata,jvmTestApiDependenciesMetadata,jvmTestCompileOnlyDependenciesMetadata,jvmTestImplementationDependenciesMetadata,jvmTestResolvableDependenciesMetadata,jvmTestRuntimeClasspath
com.squareup.okio:okio-jvm:3.9.0=jvmTestCompileClasspath,jvmTestRuntimeClasspath
com.squareup.okio:okio:3.9.0=allTestSourceSetsCompileDependenciesMetadata,commonTestApiDependenciesMetadata,commonTestCompileOnlyDependenciesMetadata,commonTestImplementationDependenciesMetadata,commonTestResolvableDependenciesMetadata,jvmTestApiDependenciesMetadata,jvmTestCompileClasspath,jvmTestCompileOnlyDependenciesMetadata,jvmTestImplementationDependenciesMetadata,jvmTestResolvableDependenciesMetadata,jvmTestRuntimeClasspath
com.zaxxer:HikariCP:5.1.0=allTestSourceSetsCompileDependenciesMetadata,commonTestDependencySources,jvmTestApiDependenciesMetadata,jvmTestCompileClasspath,jvmTestCompileOnlyDependenciesMetadata,jvmTestDependencySources,jvmTestImplementationDependenciesMetadata,jvmTestResolvableDependenciesMetadata,jvmTestRuntimeClasspath
io.arrow-kt:arrow-annotations-jvm:1.2.4=jvmTestRuntimeClasspath
io.arrow-kt:arrow-annotations:1.2.4=allTestSourceSetsCompileDependenciesMetadata,commonTestApiDependenciesMetadata,commonTestCompileOnlyDependenciesMetadata,commonTestImplementationDependenciesMetadata,commonTestResolvableDependenciesMetadata,jvmTestApiDependenciesMetadata,jvmTestCompileOnlyDependenciesMetadata,jvmTestImplementationDependenciesMetadata,jvmTestResolvableDependenciesMetadata,jvmTestRuntimeClasspath
io.arrow-kt:arrow-atomic-jvm:1.2.4=jvmTestRuntimeClasspath
io.arrow-kt:arrow-atomic:1.2.4=allTestSourceSetsCompileDependenciesMetadata,commonTestApiDependenciesMetadata,commonTestCompileOnlyDependenciesMetadata,commonTestImplementationDependenciesMetadata,commonTestResolvableDependenciesMetadata,jvmTestApiDependenciesMetadata,jvmTestCompileOnlyDependenciesMetadata,jvmTestImplementationDependenciesMetadata,jvmTestResolvableDependenciesMetadata,jvmTestRuntimeClasspath
io.arrow-kt:arrow-continuations-jvm:1.2.4=jvmTestRuntimeClasspath
io.arrow-kt:arrow-continuations:1.2.4=allTestSourceSetsCompileDependenciesMetadata,commonTestApiDependenciesMetadata,commonTestCompileOnlyDependenciesMetadata,commonTestImplementationDependenciesMetadata,commonTestResolvableDependenciesMetadata,jvmTestApiDependenciesMetadata,jvmTestCompileOnlyDependenciesMetadata,jvmTestImplementationDependenciesMetadata,jvmTestResolvableDependenciesMetadata,jvmTestRuntimeClasspath
io.arrow-kt:arrow-core-jvm:1.2.4=jvmTestRuntimeClasspath
io.arrow-kt:arrow-core:1.2.4=allTestSourceSetsCompileDependenciesMetadata,commonTestApiDependenciesMetadata,commonTestCompileOnlyDependenciesMetadata,commonTestImplementationDependenciesMetadata,commonTestResolvableDependenciesMetadata,jvmTestApiDependenciesMetadata,jvmTestCompileOnlyDependenciesMetadata,jvmTestImplementationDependenciesMetadata,jvmTestResolvableDependenciesMetadata,jvmTestRuntimeClasspath
io.arrow-kt:arrow-resilience-jvm:1.2.4=jvmTestRuntimeClasspath
io.arrow-kt:arrow-resilience:1.2.4=allTestSourceSetsCompileDependenciesMetadata,commonTestApiDependenciesMetadata,commonTestCompileOnlyDependenciesMetadata,commonTestImplementationDependenciesMetadata,commonTestResolvableDependenciesMetadata,jvmTestApiDependenciesMetadata,jvmTestCompileOnlyDependenciesMetadata,jvmTestImplementationDependenciesMetadata,jvmTestResolvableDependenciesMetadata,jvmTestRuntimeClasspath
io.github.java-diff-utils:java-diff-utils:4.12=jvmTestRuntimeClasspath
io.github.oshai:kotlin-logging-jvm:7.0.0=commonTestDependencySources,jvmTestCompileClasspath,jvmTestDependencySources,jvmTestRuntimeClasspath
io.github.oshai:kotlin-logging:7.0.0=allTestSourceSetsCompileDependenciesMetadata,commonTestApiDependenciesMetadata,commonTestCompileOnlyDependenciesMetadata,commonTestDependencySources,commonTestImplementationDependenciesMetadata,commonTestResolvableDependenciesMetadata,jvmTestApiDependenciesMetadata,jvmTestCompileClasspath,jvmTestCompileOnlyDependenciesMetadata,jvmTestDependencySources,jvmTestImplementationDependenciesMetadata,jvmTestResolvableDependenciesMetadata,jvmTestRuntimeClasspath
io.insert-koin:koin-core-jvm:3.5.6=jvmTestCompileClasspath,jvmTestRuntimeClasspath
io.insert-koin:koin-core:3.5.6=allTestSourceSetsCompileDependenciesMetadata,commonTestApiDependenciesMetadata,commonTestCompileOnlyDependenciesMetadata,commonTestImplementationDependenciesMetadata,commonTestResolvableDependenciesMetadata,jvmTestApiDependenciesMetadata,jvmTestCompileClasspath,jvmTestCompileOnlyDependenciesMetadata,jvmTestImplementationDependenciesMetadata,jvmTestResolvableDependenciesMetadata,jvmTestRuntimeClasspath
io.kotest:kotest-assertions-api-jvm:5.9.1=jvmTestCompileClasspath,jvmTestRuntimeClasspath
io.kotest:kotest-assertions-api:5.9.1=allTestSourceSetsCompileDependenciesMetadata,commonTestApiDependenciesMetadata,commonTestCompileOnlyDependenciesMetadata,commonTestImplementationDependenciesMetadata,commonTestResolvableDependenciesMetadata,jvmTestApiDependenciesMetadata,jvmTestCompileClasspath,jvmTestCompileOnlyDependenciesMetadata,jvmTestImplementationDependenciesMetadata,jvmTestResolvableDependenciesMetadata,jvmTestRuntimeClasspath
io.kotest:kotest-assertions-core-jvm:5.9.1=commonTestDependencySources,jvmTestCompileClasspath,jvmTestDependencySources,jvmTestRuntimeClasspath
io.kotest:kotest-assertions-core:5.9.1=allTestSourceSetsCompileDependenciesMetadata,commonTestApiDependenciesMetadata,commonTestCompileOnlyDependenciesMetadata,commonTestDependencySources,commonTestImplementationDependenciesMetadata,commonTestResolvableDependenciesMetadata,jvmTestApiDependenciesMetadata,jvmTestCompileClasspath,jvmTestCompileOnlyDependenciesMetadata,jvmTestDependencySources,jvmTestImplementationDependenciesMetadata,jvmTestResolvableDependenciesMetadata,jvmTestRuntimeClasspath
io.kotest:kotest-assertions-shared-jvm:5.9.1=jvmTestCompileClasspath,jvmTestRuntimeClasspath
io.kotest:kotest-assertions-shared:5.9.1=allTestSourceSetsCompileDependenciesMetadata,commonTestApiDependenciesMetadata,commonTestCompileOnlyDependenciesMetadata,commonTestImplementationDependenciesMetadata,commonTestResolvableDependenciesMetadata,jvmTestApiDependenciesMetadata,jvmTestCompileClasspath,jvmTestCompileOnlyDependenciesMetadata,jvmTestImplementationDependenciesMetadata,jvmTestResolvableDependenciesMetadata,jvmTestRuntimeClasspath
io.kotest:kotest-common-jvm:5.9.1=commonTestDependencySources,jvmTestCompileClasspath,jvmTestDependencySources,jvmTestRuntimeClasspath
io.kotest:kotest-common:5.9.1=allTestSourceSetsCompileDependenciesMetadata,commonTestApiDependenciesMetadata,commonTestCompileOnlyDependenciesMetadata,commonTestDependencySources,commonTestImplementationDependenciesMetadata,commonTestResolvableDependenciesMetadata,jvmTestApiDependenciesMetadata,jvmTestCompileClasspath,jvmTestCompileOnlyDependenciesMetadata,jvmTestDependencySources,jvmTestImplementationDependenciesMetadata,jvmTestResolvableDependenciesMetadata,jvmTestRuntimeClasspath
io.ktor:ktor-client-content-negotiation-jvm:2.3.11=jvmTestRuntimeClasspath
io.ktor:ktor-client-content-negotiation:2.3.11=allTestSourceSetsCompileDependenciesMetadata,commonTestApiDependenciesMetadata,commonTestCompileOnlyDependenciesMetadata,commonTestImplementationDependenciesMetadata,commonTestResolvableDependenciesMetadata,jvmTestApiDependenciesMetadata,jvmTestCompileOnlyDependenciesMetadata,jvmTestImplementationDependenciesMetadata,jvmTestResolvableDependenciesMetadata,jvmTestRuntimeClasspath
io.ktor:ktor-client-core-jvm:2.3.11=jvmTestCompileClasspath,jvmTestRuntimeClasspath
io.ktor:ktor-client-core:2.3.11=allTestSourceSetsCompileDependenciesMetadata,commonTestApiDependenciesMetadata,commonTestCompileOnlyDependenciesMetadata,commonTestImplementationDependenciesMetadata,commonTestResolvableDependenciesMetadata,jvmTestApiDependenciesMetadata,jvmTestCompileClasspath,jvmTestCompileOnlyDependenciesMetadata,jvmTestImplementationDependenciesMetadata,jvmTestResolvableDependenciesMetadata,jvmTestRuntimeClasspath
io.ktor:ktor-client-java-jvm:2.3.11=commonTestDependencySources,jvmTestCompileClasspath,jvmTestDependencySources,jvmTestRuntimeClasspath
io.ktor:ktor-client-java:2.3.11=allTestSourceSetsCompileDependenciesMetadata,commonTestDependencySources,jvmTestApiDependenciesMetadata,jvmTestCompileClasspath,jvmTestCompileOnlyDependenciesMetadata,jvmTestDependencySources,jvmTestImplementationDependenciesMetadata,jvmTestResolvableDependenciesMetadata,jvmTestRuntimeClasspath
io.ktor:ktor-client-logging-jvm:2.3.11=commonTestDependencySources,jvmTestCompileClasspath,jvmTestDependencySources,jvmTestRuntimeClasspath
io.ktor:ktor-client-logging:2.3.11=allTestSourceSetsCompileDependenciesMetadata,commonTestDependencySources,jvmTestApiDependenciesMetadata,jvmTestCompileClasspath,jvmTestCompileOnlyDependenciesMetadata,jvmTestDependencySources,jvmTestImplementationDependenciesMetadata,jvmTestResolvableDependenciesMetadata,jvmTestRuntimeClasspath
io.ktor:ktor-client-resources-jvm:2.3.11=jvmTestRuntimeClasspath
io.ktor:ktor-client-resources:2.3.11=allTestSourceSetsCompileDependenciesMetadata,commonTestApiDependenciesMetadata,commonTestCompileOnlyDependenciesMetadata,commonTestImplementationDependenciesMetadata,commonTestResolvableDependenciesMetadata,jvmTestApiDependenciesMetadata,jvmTestCompileOnlyDependenciesMetadata,jvmTestImplementationDependenciesMetadata,jvmTestResolvableDependenciesMetadata,jvmTestRuntimeClasspath
io.ktor:ktor-events-jvm:2.3.11=jvmTestCompileClasspath,jvmTestRuntimeClasspath
io.ktor:ktor-events:2.3.11=allTestSourceSetsCompileDependenciesMetadata,commonTestApiDependenciesMetadata,commonTestCompileOnlyDependenciesMetadata,commonTestImplementationDependenciesMetadata,commonTestResolvableDependenciesMetadata,jvmTestApiDependenciesMetadata,jvmTestCompileClasspath,jvmTestCompileOnlyDependenciesMetadata,jvmTestImplementationDependenciesMetadata,jvmTestResolvableDependenciesMetadata,jvmTestRuntimeClasspath
io.ktor:ktor-http-jvm:2.3.11=jvmTestCompileClasspath,jvmTestRuntimeClasspath
io.ktor:ktor-http:2.3.11=allTestSourceSetsCompileDependenciesMetadata,commonTestApiDependenciesMetadata,commonTestCompileOnlyDependenciesMetadata,commonTestImplementationDependenciesMetadata,commonTestResolvableDependenciesMetadata,jvmTestApiDependenciesMetadata,jvmTestCompileClasspath,jvmTestCompileOnlyDependenciesMetadata,jvmTestImplementationDependenciesMetadata,jvmTestResolvableDependenciesMetadata,jvmTestRuntimeClasspath
io.ktor:ktor-io-jvm:2.3.11=jvmTestCompileClasspath,jvmTestRuntimeClasspath
io.ktor:ktor-io:2.3.11=allTestSourceSetsCompileDependenciesMetadata,commonTestApiDependenciesMetadata,commonTestCompileOnlyDependenciesMetadata,commonTestImplementationDependenciesMetadata,commonTestResolvableDependenciesMetadata,jvmTestApiDependenciesMetadata,jvmTestCompileClasspath,jvmTestCompileOnlyDependenciesMetadata,jvmTestImplementationDependenciesMetadata,jvmTestResolvableDependenciesMetadata,jvmTestRuntimeClasspath
io.ktor:ktor-resources-jvm:2.3.11=jvmTestRuntimeClasspath
io.ktor:ktor-resources:2.3.11=allTestSourceSetsCompileDependenciesMetadata,commonTestApiDependenciesMetadata,commonTestCompileOnlyDependenciesMetadata,commonTestImplementationDependenciesMetadata,commonTestResolvableDependenciesMetadata,jvmTestApiDependenciesMetadata,jvmTestCompileOnlyDependenciesMetadata,jvmTestImplementationDependenciesMetadata,jvmTestResolvableDependenciesMetadata,jvmTestRuntimeClasspath
io.ktor:ktor-serialization-jvm:2.3.11=jvmTestCompileClasspath,jvmTestRuntimeClasspath
io.ktor:ktor-serialization-kotlinx-json-jvm:2.3.11=jvmTestRuntimeClasspath
io.ktor:ktor-serialization-kotlinx-json:2.3.11=allTestSourceSetsCompileDependenciesMetadata,commonTestApiDependenciesMetadata,commonTestCompileOnlyDependenciesMetadata,commonTestImplementationDependenciesMetadata,commonTestResolvableDependenciesMetadata,jvmTestApiDependenciesMetadata,jvmTestCompileOnlyDependenciesMetadata,jvmTestImplementationDependenciesMetadata,jvmTestResolvableDependenciesMetadata,jvmTestRuntimeClasspath
io.ktor:ktor-serialization-kotlinx-jvm:2.3.11=jvmTestRuntimeClasspath
io.ktor:ktor-serialization-kotlinx:2.3.11=allTestSourceSetsCompileDependenciesMetadata,commonTestApiDependenciesMetadata,commonTestCompileOnlyDependenciesMetadata,commonTestImplementationDependenciesMetadata,commonTestResolvableDependenciesMetadata,jvmTestApiDependenciesMetadata,jvmTestCompileOnlyDependenciesMetadata,jvmTestImplementationDependenciesMetadata,jvmTestResolvableDependenciesMetadata,jvmTestRuntimeClasspath
io.ktor:ktor-serialization:2.3.11=allTestSourceSetsCompileDependenciesMetadata,commonTestApiDependenciesMetadata,commonTestCompileOnlyDependenciesMetadata,commonTestImplementationDependenciesMetadata,commonTestResolvableDependenciesMetadata,jvmTestApiDependenciesMetadata,jvmTestCompileClasspath,jvmTestCompileOnlyDependenciesMetadata,jvmTestImplementationDependenciesMetadata,jvmTestResolvableDependenciesMetadata,jvmTestRuntimeClasspath
io.ktor:ktor-utils-jvm:2.3.11=jvmTestCompileClasspath,jvmTestRuntimeClasspath
io.ktor:ktor-utils:2.3.11=allTestSourceSetsCompileDependenciesMetadata,commonTestApiDependenciesMetadata,commonTestCompileOnlyDependenciesMetadata,commonTestImplementationDependenciesMetadata,commonTestResolvableDependenciesMetadata,jvmTestApiDependenciesMetadata,jvmTestCompileClasspath,jvmTestCompileOnlyDependenciesMetadata,jvmTestImplementationDependenciesMetadata,jvmTestResolvableDependenciesMetadata,jvmTestRuntimeClasspath
io.ktor:ktor-websocket-serialization-jvm:2.3.11=jvmTestCompileClasspath,jvmTestRuntimeClasspath
io.ktor:ktor-websocket-serialization:2.3.11=allTestSourceSetsCompileDependenciesMetadata,commonTestApiDependenciesMetadata,commonTestCompileOnlyDependenciesMetadata,commonTestImplementationDependenciesMetadata,commonTestResolvableDependenciesMetadata,jvmTestApiDependenciesMetadata,jvmTestCompileClasspath,jvmTestCompileOnlyDependenciesMetadata,jvmTestImplementationDependenciesMetadata,jvmTestResolvableDependenciesMetadata,jvmTestRuntimeClasspath
io.ktor:ktor-websockets-jvm:2.3.11=jvmTestCompileClasspath,jvmTestRuntimeClasspath
io.ktor:ktor-websockets:2.3.11=allTestSourceSetsCompileDependenciesMetadata,commonTestApiDependenciesMetadata,commonTestCompileOnlyDependenciesMetadata,commonTestImplementationDependenciesMetadata,commonTestResolvableDependenciesMetadata,jvmTestApiDependenciesMetadata,jvmTestCompileClasspath,jvmTestCompileOnlyDependenciesMetadata,jvmTestImplementationDependenciesMetadata,jvmTestResolvableDependenciesMetadata,jvmTestRuntimeClasspath
io.realm.kotlin:cinterop-jvm:2.0.0=jvmTestCompileClasspath,jvmTestRuntimeClasspath
io.realm.kotlin:cinterop:2.0.0=allTestSourceSetsCompileDependenciesMetadata,commonTestApiDependenciesMetadata,commonTestCompileOnlyDependenciesMetadata,commonTestImplementationDependenciesMetadata,commonTestResolvableDependenciesMetadata,jvmTestApiDependenciesMetadata,jvmTestCompileClasspath,jvmTestCompileOnlyDependenciesMetadata,jvmTestImplementationDependenciesMetadata,jvmTestResolvableDependenciesMetadata,jvmTestRuntimeClasspath
io.realm.kotlin:jni-swig-stub:2.0.0=allTestSourceSetsCompileDependenciesMetadata,commonTestApiDependenciesMetadata,commonTestCompileOnlyDependenciesMetadata,commonTestImplementationDependenciesMetadata,commonTestResolvableDependenciesMetadata,jvmTestApiDependenciesMetadata,jvmTestCompileClasspath,jvmTestCompileOnlyDependenciesMetadata,jvmTestImplementationDependenciesMetadata,jvmTestResolvableDependenciesMetadata,jvmTestRuntimeClasspath
io.realm.kotlin:library-base-jvm:2.0.0=jvmTestCompileClasspath,jvmTestRuntimeClasspath
io.realm.kotlin:library-base:2.0.0=allTestSourceSetsCompileDependenciesMetadata,commonTestApiDependenciesMetadata,commonTestCompileOnlyDependenciesMetadata,commonTestImplementationDependenciesMetadata,commonTestResolvableDependenciesMetadata,jvmTestApiDependenciesMetadata,jvmTestCompileClasspath,jvmTestCompileOnlyDependenciesMetadata,jvmTestImplementationDependenciesMetadata,jvmTestResolvableDependenciesMetadata,jvmTestRuntimeClasspath
junit:junit:4.13.2=allTestSourceSetsCompileDependenciesMetadata,commonTestDependencySources,jvmTestApiDependenciesMetadata,jvmTestCompileClasspath,jvmTestCompileOnlyDependenciesMetadata,jvmTestDependencySources,jvmTestImplementationDependenciesMetadata,jvmTestResolvableDependenciesMetadata,jvmTestRuntimeClasspath
net.java.dev.jna:jna-platform:5.13.0=jvmTestRuntimeClasspath
net.java.dev.jna:jna:5.13.0=allTestSourceSetsCompileDependenciesMetadata,commonTestDependencySources,jvmTestApiDependenciesMetadata,jvmTestCompileClasspath,jvmTestCompileOnlyDependenciesMetadata,jvmTestDependencySources,jvmTestImplementationDependenciesMetadata,jvmTestResolvableDependenciesMetadata
net.java.dev.jna:jna:5.14.0=jvmTestRuntimeClasspath
org.apache.commons:commons-compress:1.24.0=allTestSourceSetsCompileDependenciesMetadata,commonTestDependencySources,jvmTestApiDependenciesMetadata,jvmTestCompileClasspath,jvmTestCompileOnlyDependenciesMetadata,jvmTestDependencySources,jvmTestImplementationDependenciesMetadata,jvmTestResolvableDependenciesMetadata,jvmTestRuntimeClasspath
org.apiguardian:apiguardian-api:1.1.2=jvmTestCompileClasspath
org.checkerframework:checker-qual:3.42.0=commonTestDependencySources,jvmTestDependencySources,jvmTestRuntimeClasspath
org.codehaus.mojo:animal-sniffer-annotations:1.23=allTestSourceSetsCompileDependenciesMetadata,commonTestApiDependenciesMetadata,commonTestCompileOnlyDependenciesMetadata,commonTestImplementationDependenciesMetadata,commonTestResolvableDependenciesMetadata,jvmTestApiDependenciesMetadata,jvmTestCompileOnlyDependenciesMetadata,jvmTestImplementationDependenciesMetadata,jvmTestResolvableDependenciesMetadata,jvmTestRuntimeClasspath
org.hamcrest:hamcrest-core:1.3=allTestSourceSetsCompileDependenciesMetadata,commonTestDependencySources,jvmTestApiDependenciesMetadata,jvmTestCompileClasspath,jvmTestCompileOnlyDependenciesMetadata,jvmTestDependencySources,jvmTestImplementationDependenciesMetadata,jvmTestResolvableDependenciesMetadata,jvmTestRuntimeClasspath
org.jetbrains.exposed:exposed-core:0.51.1=jvmTestCompileClasspath,jvmTestRuntimeClasspath
org.jetbrains.exposed:exposed-dao:0.51.1=jvmTestRuntimeClasspath
org.jetbrains.exposed:exposed-jdbc:0.51.1=jvmTestRuntimeClasspath
org.jetbrains.intellij.deps:trove4j:1.0.20200330=kotlinBuildToolsApiClasspath,kotlinCompilerClasspath,kotlinKlibCommonizerClasspath
org.jetbrains.kotlin:kotlin-build-common:2.0.0=kotlinBuildToolsApiClasspath
org.jetbrains.kotlin:kotlin-build-tools-api:2.0.0=kotlinBuildToolsApiClasspath
org.jetbrains.kotlin:kotlin-build-tools-impl:2.0.0=kotlinBuildToolsApiClasspath
org.jetbrains.kotlin:kotlin-compiler-embeddable:2.0.0=kotlinBuildToolsApiClasspath,kotlinCompilerClasspath,kotlinKlibCommonizerClasspath
org.jetbrains.kotlin:kotlin-compiler-runner:2.0.0=kotlinBuildToolsApiClasspath
org.jetbrains.kotlin:kotlin-daemon-client:2.0.0=kotlinBuildToolsApiClasspath
org.jetbrains.kotlin:kotlin-daemon-embeddable:2.0.0=kotlinBuildToolsApiClasspath,kotlinCompilerClasspath,kotlinKlibCommonizerClasspath
org.jetbrains.kotlin:kotlin-klib-commonizer-embeddable:2.0.0=kotlinKlibCommonizerClasspath
org.jetbrains.kotlin:kotlin-native-prebuilt:2.0.0=kotlinNativeBundleConfiguration
org.jetbrains.kotlin:kotlin-reflect:1.6.10=kotlinBuildToolsApiClasspath,kotlinCompilerClasspath,kotlinKlibCommonizerClasspath
org.jetbrains.kotlin:kotlin-reflect:1.9.21=jvmTestCompileClasspath
org.jetbrains.kotlin:kotlin-reflect:2.0.0=allTestSourceSetsCompileDependenciesMetadata,commonTestApiDependenciesMetadata,commonTestCompileOnlyDependenciesMetadata,commonTestImplementationDependenciesMetadata,commonTestResolvableDependenciesMetadata,jvmTestApiDependenciesMetadata,jvmTestCompileOnlyDependenciesMetadata,jvmTestImplementationDependenciesMetadata,jvmTestResolvableDependenciesMetadata,jvmTestRuntimeClasspath
org.jetbrains.kotlin:kotlin-script-runtime:2.0.0=kotlinBuildToolsApiClasspath,kotlinCompilerClasspath,kotlinCompilerPluginClasspathJvmMain,kotlinCompilerPluginClasspathJvmTest,kotlinCompilerPluginClasspathMetadataMain,kotlinKlibCommonizerClasspath
org.jetbrains.kotlin:kotlin-scripting-common:2.0.0=kotlinBuildToolsApiClasspath,kotlinCompilerPluginClasspathJvmMain,kotlinCompilerPluginClasspathJvmTest,kotlinCompilerPluginClasspathMetadataMain
org.jetbrains.kotlin:kotlin-scripting-compiler-embeddable:2.0.0=kotlinBuildToolsApiClasspath,kotlinCompilerPluginClasspathJvmMain,kotlinCompilerPluginClasspathJvmTest,kotlinCompilerPluginClasspathMetadataMain
org.jetbrains.kotlin:kotlin-scripting-compiler-impl-embeddable:2.0.0=kotlinBuildToolsApiClasspath,kotlinCompilerPluginClasspathJvmMain,kotlinCompilerPluginClasspathJvmTest,kotlinCompilerPluginClasspathMetadataMain
org.jetbrains.kotlin:kotlin-scripting-jvm:2.0.0=kotlinBuildToolsApiClasspath,kotlinCompilerPluginClasspathJvmMain,kotlinCompilerPluginClasspathJvmTest,kotlinCompilerPluginClasspathMetadataMain
org.jetbrains.kotlin:kotlin-serialization-compiler-plugin-embeddable:2.0.0=kotlinCompilerPluginClasspathJvmMain,kotlinCompilerPluginClasspathJvmTest,kotlinCompilerPluginClasspathMetadataMain
org.jetbrains.kotlin:kotlin-stdlib-common:2.0.0=allTestSourceSetsCompileDependenciesMetadata,commonTestApiDependenciesMetadata,commonTestCompileOnlyDependenciesMetadata,commonTestImplementationDependenciesMetadata,commonTestResolvableDependenciesMetadata,jvmTestResolvableDependenciesMetadata
org.jetbrains.kotlin:kotlin-stdlib-jdk7:1.7.20=allTestSourceSetsCompileDependenciesMetadata,commonTestApiDependenciesMetadata,commonTestCompileOnlyDependenciesMetadata,commonTestImplementationDependenciesMetadata,commonTestResolvableDependenciesMetadata,jvmTestApiDependenciesMetadata,jvmTestCompileOnlyDependenciesMetadata,jvmTestImplementationDependenciesMetadata,jvmTestResolvableDependenciesMetadata
org.jetbrains.kotlin:kotlin-stdlib-jdk7:1.9.10=jvmTestCompileClasspath,jvmTestRuntimeClasspath
org.jetbrains.kotlin:kotlin-stdlib-jdk8:1.7.20=allTestSourceSetsCompileDependenciesMetadata,commonTestApiDependenciesMetadata,commonTestCompileOnlyDependenciesMetadata,commonTestImplementationDependenciesMetadata,commonTestResolvableDependenciesMetadata,jvmTestApiDependenciesMetadata,jvmTestCompileOnlyDependenciesMetadata,jvmTestImplementationDependenciesMetadata,jvmTestResolvableDependenciesMetadata
org.jetbrains.kotlin:kotlin-stdlib-jdk8:1.9.10=jvmTestCompileClasspath,jvmTestRuntimeClasspath
org.jetbrains.kotlin:kotlin-stdlib:2.0.0=allSourceSetsCompileDependenciesMetadata,allTestSourceSetsCompileDependenciesMetadata,commonMainApiDependenciesMetadata,commonMainCompileOnlyDependenciesMetadata,commonMainDependencySources,commonMainImplementationDependenciesMetadata,commonMainResolvableDependenciesMetadata,commonTestApiDependenciesMetadata,commonTestCompileOnlyDependenciesMetadata,commonTestDependencySources,commonTestImplementationDependenciesMetadata,commonTestResolvableDependenciesMetadata,jvmCompileClasspath,jvmMainApiDependenciesMetadata,jvmMainCompileOnlyDependenciesMetadata,jvmMainDependencySources,jvmMainImplementationDependenciesMetadata,jvmMainResolvableDependenciesMetadata,jvmRuntimeClasspath,jvmTestApiDependenciesMetadata,jvmTestCompileClasspath,jvmTestCompileOnlyDependenciesMetadata,jvmTestDependencySources,jvmTestImplementationDependenciesMetadata,jvmTestResolvableDependenciesMetadata,jvmTestRuntimeClasspath,kotlinBuildToolsApiClasspath,kotlinCompilerClasspath,kotlinCompilerPluginClasspathJvmMain,kotlinCompilerPluginClasspathJvmTest,kotlinCompilerPluginClasspathMetadataMain,kotlinKlibCommonizerClasspath,metadataCompileClasspath
org.jetbrains.kotlin:kotlin-test-junit5:2.0.0=commonTestDependencySources,jvmTestCompileClasspath,jvmTestDependencySources,jvmTestRuntimeClasspath
org.jetbrains.kotlin:kotlin-test:2.0.0=allTestSourceSetsCompileDependenciesMetadata,commonTestApiDependenciesMetadata,commonTestCompileOnlyDependenciesMetadata,commonTestDependencySources,commonTestImplementationDependenciesMetadata,commonTestResolvableDependenciesMetadata,jvmTestApiDependenciesMetadata,jvmTestCompileClasspath,jvmTestCompileOnlyDependenciesMetadata,jvmTestDependencySources,jvmTestImplementationDependenciesMetadata,jvmTestResolvableDependenciesMetadata,jvmTestRuntimeClasspath
org.jetbrains.kotlinx:atomicfu-jvm:0.21.0=jvmTestRuntimeClasspath
org.jetbrains.kotlinx:atomicfu:0.21.0=jvmTestRuntimeClasspath
org.jetbrains.kotlinx:atomicfu:0.23.1=allTestSourceSetsCompileDependenciesMetadata,commonTestApiDependenciesMetadata,commonTestCompileOnlyDependenciesMetadata,commonTestImplementationDependenciesMetadata,commonTestResolvableDependenciesMetadata,jvmTestApiDependenciesMetadata,jvmTestCompileOnlyDependenciesMetadata,jvmTestImplementationDependenciesMetadata,jvmTestResolvableDependenciesMetadata
org.jetbrains.kotlinx:kotlinx-coroutines-bom:1.8.1=jvmTestCompileClasspath,jvmTestRuntimeClasspath
org.jetbrains.kotlinx:kotlinx-coroutines-core-jvm:1.5.0=kotlinBuildToolsApiClasspath
org.jetbrains.kotlinx:kotlinx-coroutines-core-jvm:1.8.1=jvmTestCompileClasspath,jvmTestRuntimeClasspath
org.jetbrains.kotlinx:kotlinx-coroutines-core:1.8.1=allTestSourceSetsCompileDependenciesMetadata,commonTestApiDependenciesMetadata,commonTestCompileOnlyDependenciesMetadata,commonTestImplementationDependenciesMetadata,commonTestResolvableDependenciesMetadata,jvmTestApiDependenciesMetadata,jvmTestCompileClasspath,jvmTestCompileOnlyDependenciesMetadata,jvmTestImplementationDependenciesMetadata,jvmTestResolvableDependenciesMetadata,jvmTestRuntimeClasspath
org.jetbrains.kotlinx:kotlinx-coroutines-jdk8:1.8.1=jvmTestCompileClasspath,jvmTestRuntimeClasspath
org.jetbrains.kotlinx:kotlinx-coroutines-slf4j:1.8.1=jvmTestRuntimeClasspath
org.jetbrains.kotlinx:kotlinx-datetime-jvm:0.5.0=jvmTestCompileClasspath,jvmTestRuntimeClasspath
org.jetbrains.kotlinx:kotlinx-datetime:0.5.0=allTestSourceSetsCompileDependenciesMetadata,commonTestApiDependenciesMetadata,commonTestCompileOnlyDependenciesMetadata,commonTestImplementationDependenciesMetadata,commonTestResolvableDependenciesMetadata,jvmTestApiDependenciesMetadata,jvmTestCompileClasspath,jvmTestCompileOnlyDependenciesMetadata,jvmTestImplementationDependenciesMetadata,jvmTestResolvableDependenciesMetadata,jvmTestRuntimeClasspath
org.jetbrains.kotlinx:kotlinx-serialization-bom:1.7.0=jvmTestCompileClasspath,jvmTestRuntimeClasspath
org.jetbrains.kotlinx:kotlinx-serialization-core-jvm:1.7.0=jvmTestCompileClasspath,jvmTestRuntimeClasspath
org.jetbrains.kotlinx:kotlinx-serialization-core:1.7.0=allTestSourceSetsCompileDependenciesMetadata,commonTestApiDependenciesMetadata,commonTestCompileOnlyDependenciesMetadata,commonTestImplementationDependenciesMetadata,commonTestResolvableDependenciesMetadata,jvmTestApiDependenciesMetadata,jvmTestCompileClasspath,jvmTestCompileOnlyDependenciesMetadata,jvmTestImplementationDependenciesMetadata,jvmTestResolvableDependenciesMetadata,jvmTestRuntimeClasspath
org.jetbrains.kotlinx:kotlinx-serialization-json-jvm:1.7.0=jvmTestCompileClasspath,jvmTestRuntimeClasspath
org.jetbrains.kotlinx:kotlinx-serialization-json:1.7.0=allTestSourceSetsCompileDependenciesMetadata,commonTestApiDependenciesMetadata,commonTestCompileOnlyDependenciesMetadata,commonTestImplementationDependenciesMetadata,commonTestResolvableDependenciesMetadata,jvmTestApiDependenciesMetadata,jvmTestCompileClasspath,jvmTestCompileOnlyDependenciesMetadata,jvmTestImplementationDependenciesMetadata,jvmTestResolvableDependenciesMetadata,jvmTestRuntimeClasspath
org.jetbrains:annotations:13.0=jvmCompileClasspath,jvmRuntimeClasspath,kotlinBuildToolsApiClasspath,kotlinCompilerClasspath,kotlinCompilerPluginClasspathJvmMain,kotlinCompilerPluginClasspathJvmTest,kotlinCompilerPluginClasspathMetadataMain,kotlinKlibCommonizerClasspath
org.jetbrains:annotations:17.0.0=allTestSourceSetsCompileDependenciesMetadata,commonTestDependencySources,jvmTestApiDependenciesMetadata,jvmTestCompileOnlyDependenciesMetadata,jvmTestDependencySources,jvmTestImplementationDependenciesMetadata,jvmTestResolvableDependenciesMetadata
org.jetbrains:annotations:23.0.0=jvmTestCompileClasspath,jvmTestRuntimeClasspath
org.junit.jupiter:junit-jupiter-api:5.10.1=jvmTestCompileClasspath,jvmTestRuntimeClasspath
org.junit.jupiter:junit-jupiter-engine:5.10.1=jvmTestRuntimeClasspath
org.junit.platform:junit-platform-commons:1.10.1=jvmTestCompileClasspath,jvmTestRuntimeClasspath
org.junit.platform:junit-platform-engine:1.10.1=jvmTestRuntimeClasspath
org.junit.platform:junit-platform-launcher:1.10.1=jvmTestRuntimeClasspath
org.junit:junit-bom:5.10.1=jvmTestCompileClasspath,jvmTestRuntimeClasspath
org.mongodb.kbson:kbson-jvm:0.4.0=jvmTestCompileClasspath,jvmTestRuntimeClasspath
org.mongodb.kbson:kbson:0.4.0=allTestSourceSetsCompileDependenciesMetadata,commonTestApiDependenciesMetadata,commonTestCompileOnlyDependenciesMetadata,commonTestImplementationDependenciesMetadata,commonTestResolvableDependenciesMetadata,jvmTestApiDependenciesMetadata,jvmTestCompileClasspath,jvmTestCompileOnlyDependenciesMetadata,jvmTestImplementationDependenciesMetadata,jvmTestResolvableDependenciesMetadata,jvmTestRuntimeClasspath
org.opentest4j:opentest4j:1.3.0=jvmTestCompileClasspath,jvmTestRuntimeClasspath
org.postgresql:postgresql:42.7.3=allTestSourceSetsCompileDependenciesMetadata,commonTestDependencySources,jvmTestApiDependenciesMetadata,jvmTestCompileClasspath,jvmTestCompileOnlyDependenciesMetadata,jvmTestDependencySources,jvmTestImplementationDependenciesMetadata,jvmTestResolvableDependenciesMetadata,jvmTestRuntimeClasspath
org.rnorth.duct-tape:duct-tape:1.0.8=allTestSourceSetsCompileDependenciesMetadata,commonTestDependencySources,jvmTestApiDependenciesMetadata,jvmTestCompileClasspath,jvmTestCompileOnlyDependenciesMetadata,jvmTestDependencySources,jvmTestImplementationDependenciesMetadata,jvmTestResolvableDependenciesMetadata,jvmTestRuntimeClasspath
org.slf4j:slf4j-api:2.0.13=allTestSourceSetsCompileDependenciesMetadata,commonTestDependencySources,jvmTestApiDependenciesMetadata,jvmTestCompileClasspath,jvmTestCompileOnlyDependenciesMetadata,jvmTestDependencySources,jvmTestImplementationDependenciesMetadata,jvmTestResolvableDependenciesMetadata,jvmTestRuntimeClasspath
org.testcontainers:database-commons:1.19.8=allTestSourceSetsCompileDependenciesMetadata,commonTestDependencySources,jvmTestApiDependenciesMetadata,jvmTestCompileClasspath,jvmTestCompileOnlyDependenciesMetadata,jvmTestDependencySources,jvmTestImplementationDependenciesMetadata,jvmTestResolvableDependenciesMetadata,jvmTestRuntimeClasspath
org.testcontainers:jdbc:1.19.8=allTestSourceSetsCompileDependenciesMetadata,commonTestDependencySources,jvmTestApiDependenciesMetadata,jvmTestCompileClasspath,jvmTestCompileOnlyDependenciesMetadata,jvmTestDependencySources,jvmTestImplementationDependenciesMetadata,jvmTestResolvableDependenciesMetadata,jvmTestRuntimeClasspath
org.testcontainers:junit-jupiter:1.19.8=allTestSourceSetsCompileDependenciesMetadata,commonTestDependencySources,jvmTestApiDependenciesMetadata,jvmTestCompileClasspath,jvmTestCompileOnlyDependenciesMetadata,jvmTestDependencySources,jvmTestImplementationDependenciesMetadata,jvmTestResolvableDependenciesMetadata,jvmTestRuntimeClasspath
org.testcontainers:postgresql:1.19.8=allTestSourceSetsCompileDependenciesMetadata,commonTestDependencySources,jvmTestApiDependenciesMetadata,jvmTestCompileClasspath,jvmTestCompileOnlyDependenciesMetadata,jvmTestDependencySources,jvmTestImplementationDependenciesMetadata,jvmTestResolvableDependenciesMetadata,jvmTestRuntimeClasspath
org.testcontainers:testcontainers:1.19.8=allTestSourceSetsCompileDependenciesMetadata,commonTestDependencySources,jvmTestApiDependenciesMetadata,jvmTestCompileClasspath,jvmTestCompileOnlyDependenciesMetadata,jvmTestDependencySources,jvmTestImplementationDependenciesMetadata,jvmTestResolvableDependenciesMetadata,jvmTestRuntimeClasspath
empty=commonMainIntransitiveDependenciesMetadata,commonTestIntransitiveDependenciesMetadata,jvmMainIntransitiveDependenciesMetadata,jvmTestIntransitiveDependenciesMetadata,kotlinCompilerPluginClasspath,kotlinNativeCompilerPluginClasspath,kotlinScriptDef,kotlinScriptDefExtensions,testKotlinScriptDef,testKotlinScriptDefExtensions
