# This is a Gradle generated file for dependency locking.
# Manual edits can break the build and are not advised.
# This file is expected to be part of source control.
com.fasterxml.jackson.core:jackson-annotations:2.12.7=dokkaGfmMultiModulePlugin,dokkaGfmMultiModuleRuntime,dokkaGfmPartialPlugin,dokkaGfmPartialRuntime,dokkaGfmPlugin,dokkaGfmRuntime,dokkaHtmlMultiModulePlugin,dokkaHtmlMultiModuleRuntime,dokkaHtmlPartialPlugin,dokkaHtmlPartialRuntime,dokkaHtmlPlugin,dokkaHtmlRuntime,dokkaJavadocPartialPlugin,dokkaJavadocPartialRuntime,dokkaJavadocPlugin,dokkaJavadocRuntime,dokkaJekyllMultiModulePlugin,dokkaJekyllMultiModuleRuntime,dokkaJekyllPartialPlugin,dokkaJekyllPartialRuntime,dokkaJekyllPlugin,dokkaJekyllRuntime
com.fasterxml.jackson.core:jackson-core:2.12.7=dokkaGfmMultiModulePlugin,dokkaGfmMultiModuleRuntime,dokkaGfmPartialPlugin,dokkaGfmPartialRuntime,dokkaGfmPlugin,dokkaGfmRuntime,dokkaHtmlMultiModulePlugin,dokkaHtmlMultiModuleRuntime,dokkaHtmlPartialPlugin,dokkaHtmlPartialRuntime,dokkaHtmlPlugin,dokkaHtmlRuntime,dokkaJavadocPartialPlugin,dokkaJavadocPartialRuntime,dokkaJavadocPlugin,dokkaJavadocRuntime,dokkaJekyllMultiModulePlugin,dokkaJekyllMultiModuleRuntime,dokkaJekyllPartialPlugin,dokkaJekyllPartialRuntime,dokkaJekyllPlugin,dokkaJekyllRuntime
com.fasterxml.jackson.core:jackson-databind:2.12.7.1=dokkaGfmMultiModulePlugin,dokkaGfmMultiModuleRuntime,dokkaGfmPartialPlugin,dokkaGfmPartialRuntime,dokkaGfmPlugin,dokkaGfmRuntime,dokkaHtmlMultiModulePlugin,dokkaHtmlMultiModuleRuntime,dokkaHtmlPartialPlugin,dokkaHtmlPartialRuntime,dokkaHtmlPlugin,dokkaHtmlRuntime,dokkaJavadocPartialPlugin,dokkaJavadocPartialRuntime,dokkaJavadocPlugin,dokkaJavadocRuntime,dokkaJekyllMultiModulePlugin,dokkaJekyllMultiModuleRuntime,dokkaJekyllPartialPlugin,dokkaJekyllPartialRuntime,dokkaJekyllPlugin,dokkaJekyllRuntime
com.fasterxml.jackson.dataformat:jackson-dataformat-xml:2.12.7=dokkaGfmMultiModuleRuntime,dokkaGfmPartialRuntime,dokkaGfmRuntime,dokkaHtmlMultiModuleRuntime,dokkaHtmlPartialRuntime,dokkaHtmlRuntime,dokkaJavadocPartialRuntime,dokkaJavadocRuntime,dokkaJekyllMultiModuleRuntime,dokkaJekyllPartialRuntime,dokkaJekyllRuntime
com.fasterxml.jackson.module:jackson-module-jaxb-annotations:2.12.7=dokkaGfmMultiModuleRuntime,dokkaGfmPartialRuntime,dokkaGfmRuntime,dokkaHtmlMultiModuleRuntime,dokkaHtmlPartialRuntime,dokkaHtmlRuntime,dokkaJavadocPartialRuntime,dokkaJavadocRuntime,dokkaJekyllMultiModuleRuntime,dokkaJekyllPartialRuntime,dokkaJekyllRuntime
com.fasterxml.jackson.module:jackson-module-kotlin:2.12.7=dokkaGfmMultiModulePlugin,dokkaGfmMultiModuleRuntime,dokkaGfmPartialPlugin,dokkaGfmPartialRuntime,dokkaGfmPlugin,dokkaGfmRuntime,dokkaHtmlMultiModulePlugin,dokkaHtmlMultiModuleRuntime,dokkaHtmlPartialPlugin,dokkaHtmlPartialRuntime,dokkaHtmlPlugin,dokkaHtmlRuntime,dokkaJavadocPartialPlugin,dokkaJavadocPartialRuntime,dokkaJavadocPlugin,dokkaJavadocRuntime,dokkaJekyllMultiModulePlugin,dokkaJekyllMultiModuleRuntime,dokkaJekyllPartialPlugin,dokkaJekyllPartialRuntime,dokkaJekyllPlugin,dokkaJekyllRuntime
com.fasterxml.jackson:jackson-bom:2.12.7=dokkaGfmMultiModulePlugin,dokkaGfmMultiModuleRuntime,dokkaGfmPartialPlugin,dokkaGfmPartialRuntime,dokkaGfmPlugin,dokkaGfmRuntime,dokkaHtmlMultiModulePlugin,dokkaHtmlMultiModuleRuntime,dokkaHtmlPartialPlugin,dokkaHtmlPartialRuntime,dokkaHtmlPlugin,dokkaHtmlRuntime,dokkaJavadocPartialPlugin,dokkaJavadocPartialRuntime,dokkaJavadocPlugin,dokkaJavadocRuntime,dokkaJekyllMultiModulePlugin,dokkaJekyllMultiModuleRuntime,dokkaJekyllPartialPlugin,dokkaJekyllPartialRuntime,dokkaJekyllPlugin,dokkaJekyllRuntime
com.fasterxml.woodstox:woodstox-core:6.2.4=dokkaGfmMultiModuleRuntime,dokkaGfmPartialRuntime,dokkaGfmRuntime,dokkaHtmlMultiModuleRuntime,dokkaHtmlPartialRuntime,dokkaHtmlRuntime,dokkaJavadocPartialRuntime,dokkaJavadocRuntime,dokkaJekyllMultiModuleRuntime,dokkaJekyllPartialRuntime,dokkaJekyllRuntime
it.unimi.dsi:fastutil-core:8.5.12=dokkaGfmMultiModulePlugin,dokkaGfmPartialPlugin,dokkaGfmPlugin,dokkaHtmlMultiModulePlugin,dokkaHtmlPartialPlugin,dokkaHtmlPlugin,dokkaJavadocPartialPlugin,dokkaJavadocPlugin,dokkaJekyllMultiModulePlugin,dokkaJekyllPartialPlugin,dokkaJekyllPlugin
jakarta.activation:jakarta.activation-api:1.2.1=dokkaGfmMultiModuleRuntime,dokkaGfmPartialRuntime,dokkaGfmRuntime,dokkaHtmlMultiModuleRuntime,dokkaHtmlPartialRuntime,dokkaHtmlRuntime,dokkaJavadocPartialRuntime,dokkaJavadocRuntime,dokkaJekyllMultiModuleRuntime,dokkaJekyllPartialRuntime,dokkaJekyllRuntime
jakarta.xml.bind:jakarta.xml.bind-api:2.3.2=dokkaGfmMultiModuleRuntime,dokkaGfmPartialRuntime,dokkaGfmRuntime,dokkaHtmlMultiModuleRuntime,dokkaHtmlPartialRuntime,dokkaHtmlRuntime,dokkaJavadocPartialRuntime,dokkaJavadocRuntime,dokkaJekyllMultiModuleRuntime,dokkaJekyllPartialRuntime,dokkaJekyllRuntime
org.codehaus.woodstox:stax2-api:4.2.1=dokkaGfmMultiModuleRuntime,dokkaGfmPartialRuntime,dokkaGfmRuntime,dokkaHtmlMultiModuleRuntime,dokkaHtmlPartialRuntime,dokkaHtmlRuntime,dokkaJavadocPartialRuntime,dokkaJavadocRuntime,dokkaJekyllMultiModuleRuntime,dokkaJekyllPartialRuntime,dokkaJekyllRuntime
org.freemarker:freemarker:2.3.32=dokkaGfmMultiModulePlugin,dokkaGfmPartialPlugin,dokkaGfmPlugin,dokkaHtmlMultiModulePlugin,dokkaHtmlPartialPlugin,dokkaHtmlPlugin,dokkaJavadocPartialPlugin,dokkaJavadocPlugin,dokkaJekyllMultiModulePlugin,dokkaJekyllPartialPlugin,dokkaJekyllPlugin
org.jetbrains.dokka:all-modules-page-plugin:1.9.20=dokkaGfmMultiModulePlugin,dokkaHtmlMultiModulePlugin,dokkaJekyllMultiModulePlugin
org.jetbrains.dokka:analysis-kotlin-descriptors:1.9.20=dokkaGfmMultiModulePlugin,dokkaGfmPartialPlugin,dokkaGfmPlugin,dokkaHtmlMultiModulePlugin,dokkaHtmlPartialPlugin,dokkaHtmlPlugin,dokkaJavadocPartialPlugin,dokkaJavadocPlugin,dokkaJekyllMultiModulePlugin,dokkaJekyllPartialPlugin,dokkaJekyllPlugin
org.jetbrains.dokka:analysis-markdown:1.9.20=dokkaGfmMultiModulePlugin,dokkaGfmPartialPlugin,dokkaGfmPlugin,dokkaHtmlMultiModulePlugin,dokkaHtmlPartialPlugin,dokkaHtmlPlugin,dokkaJavadocPartialPlugin,dokkaJavadocPlugin,dokkaJekyllMultiModulePlugin,dokkaJekyllPartialPlugin,dokkaJekyllPlugin
org.jetbrains.dokka:dokka-base:1.9.20=dokkaGfmMultiModulePlugin,dokkaGfmPartialPlugin,dokkaGfmPlugin,dokkaHtmlMultiModulePlugin,dokkaHtmlPartialPlugin,dokkaHtmlPlugin,dokkaJavadocPartialPlugin,dokkaJavadocPlugin,dokkaJekyllMultiModulePlugin,dokkaJekyllPartialPlugin,dokkaJekyllPlugin
org.jetbrains.dokka:dokka-core:1.9.20=dokkaGfmMultiModuleRuntime,dokkaGfmPartialRuntime,dokkaGfmRuntime,dokkaHtmlMultiModuleRuntime,dokkaHtmlPartialRuntime,dokkaHtmlRuntime,dokkaJavadocPartialRuntime,dokkaJavadocRuntime,dokkaJekyllMultiModuleRuntime,dokkaJekyllPartialRuntime,dokkaJekyllRuntime
org.jetbrains.dokka:gfm-plugin:1.9.20=dokkaGfmMultiModulePlugin,dokkaJekyllMultiModulePlugin
org.jetbrains.dokka:gfm-template-processing-plugin:1.9.20=dokkaGfmMultiModulePlugin,dokkaJekyllMultiModulePlugin
org.jetbrains.dokka:jekyll-plugin:1.9.20=dokkaJekyllMultiModulePlugin
org.jetbrains.dokka:jekyll-template-processing-plugin:1.9.20=dokkaJekyllMultiModulePlugin
org.jetbrains.dokka:templating-plugin:1.9.20=dokkaGfmMultiModulePlugin,dokkaHtmlMultiModulePlugin,dokkaJekyllMultiModulePlugin
org.jetbrains.kotlin:kotlin-reflect:1.9.22=dokkaGfmMultiModulePlugin,dokkaGfmMultiModuleRuntime,dokkaGfmPartialPlugin,dokkaGfmPartialRuntime,dokkaGfmPlugin,dokkaGfmRuntime,dokkaHtmlMultiModulePlugin,dokkaHtmlMultiModuleRuntime,dokkaHtmlPartialPlugin,dokkaHtmlPartialRuntime,dokkaHtmlPlugin,dokkaHtmlRuntime,dokkaJavadocPartialPlugin,dokkaJavadocPartialRuntime,dokkaJavadocPlugin,dokkaJavadocRuntime,dokkaJekyllMultiModulePlugin,dokkaJekyllMultiModuleRuntime,dokkaJekyllPartialPlugin,dokkaJekyllPartialRuntime,dokkaJekyllPlugin,dokkaJekyllRuntime
org.jetbrains.kotlin:kotlin-stdlib-common:1.9.22=dokkaGfmMultiModulePlugin,dokkaGfmMultiModuleRuntime,dokkaGfmPartialPlugin,dokkaGfmPartialRuntime,dokkaGfmPlugin,dokkaGfmRuntime,dokkaHtmlMultiModulePlugin,dokkaHtmlMultiModuleRuntime,dokkaHtmlPartialPlugin,dokkaHtmlPartialRuntime,dokkaHtmlPlugin,dokkaHtmlRuntime,dokkaJavadocPartialPlugin,dokkaJavadocPartialRuntime,dokkaJavadocPlugin,dokkaJavadocRuntime,dokkaJekyllMultiModulePlugin,dokkaJekyllMultiModuleRuntime,dokkaJekyllPartialPlugin,dokkaJekyllPartialRuntime,dokkaJekyllPlugin,dokkaJekyllRuntime
org.jetbrains.kotlin:kotlin-stdlib-jdk7:1.8.20=dokkaGfmMultiModuleRuntime,dokkaGfmPartialRuntime,dokkaGfmRuntime,dokkaHtmlMultiModuleRuntime,dokkaHtmlPartialRuntime,dokkaHtmlRuntime,dokkaJavadocPartialRuntime,dokkaJavadocRuntime,dokkaJekyllMultiModuleRuntime,dokkaJekyllPartialRuntime,dokkaJekyllRuntime
org.jetbrains.kotlin:kotlin-stdlib-jdk7:1.9.0=dokkaGfmMultiModulePlugin,dokkaGfmPartialPlugin,dokkaGfmPlugin,dokkaHtmlMultiModulePlugin,dokkaHtmlPartialPlugin,dokkaHtmlPlugin,dokkaJavadocPartialPlugin,dokkaJavadocPlugin,dokkaJekyllMultiModulePlugin,dokkaJekyllPartialPlugin,dokkaJekyllPlugin
org.jetbrains.kotlin:kotlin-stdlib-jdk8:1.8.20=dokkaGfmMultiModuleRuntime,dokkaGfmPartialRuntime,dokkaGfmRuntime,dokkaHtmlMultiModuleRuntime,dokkaHtmlPartialRuntime,dokkaHtmlRuntime,dokkaJavadocPartialRuntime,dokkaJavadocRuntime,dokkaJekyllMultiModuleRuntime,dokkaJekyllPartialRuntime,dokkaJekyllRuntime
org.jetbrains.kotlin:kotlin-stdlib-jdk8:1.9.0=dokkaGfmMultiModulePlugin,dokkaGfmPartialPlugin,dokkaGfmPlugin,dokkaHtmlMultiModulePlugin,dokkaHtmlPartialPlugin,dokkaHtmlPlugin,dokkaJavadocPartialPlugin,dokkaJavadocPlugin,dokkaJekyllMultiModulePlugin,dokkaJekyllPartialPlugin,dokkaJekyllPlugin
org.jetbrains.kotlin:kotlin-stdlib:1.9.22=dokkaGfmMultiModulePlugin,dokkaGfmMultiModuleRuntime,dokkaGfmPartialPlugin,dokkaGfmPartialRuntime,dokkaGfmPlugin,dokkaGfmRuntime,dokkaHtmlMultiModulePlugin,dokkaHtmlMultiModuleRuntime,dokkaHtmlPartialPlugin,dokkaHtmlPartialRuntime,dokkaHtmlPlugin,dokkaHtmlRuntime,dokkaJavadocPartialPlugin,dokkaJavadocPartialRuntime,dokkaJavadocPlugin,dokkaJavadocRuntime,dokkaJekyllMultiModulePlugin,dokkaJekyllMultiModuleRuntime,dokkaJekyllPartialPlugin,dokkaJekyllPartialRuntime,dokkaJekyllPlugin,dokkaJekyllRuntime
org.jetbrains.kotlinx:kotlinx-coroutines-bom:1.7.3=dokkaGfmMultiModulePlugin,dokkaGfmMultiModuleRuntime,dokkaGfmPartialPlugin,dokkaGfmPartialRuntime,dokkaGfmPlugin,dokkaGfmRuntime,dokkaHtmlMultiModulePlugin,dokkaHtmlMultiModuleRuntime,dokkaHtmlPartialPlugin,dokkaHtmlPartialRuntime,dokkaHtmlPlugin,dokkaHtmlRuntime,dokkaJavadocPartialPlugin,dokkaJavadocPartialRuntime,dokkaJavadocPlugin,dokkaJavadocRuntime,dokkaJekyllMultiModulePlugin,dokkaJekyllMultiModuleRuntime,dokkaJekyllPartialPlugin,dokkaJekyllPartialRuntime,dokkaJekyllPlugin,dokkaJekyllRuntime
org.jetbrains.kotlinx:kotlinx-coroutines-core-jvm:1.7.3=dokkaGfmMultiModulePlugin,dokkaGfmMultiModuleRuntime,dokkaGfmPartialPlugin,dokkaGfmPartialRuntime,dokkaGfmPlugin,dokkaGfmRuntime,dokkaHtmlMultiModulePlugin,dokkaHtmlMultiModuleRuntime,dokkaHtmlPartialPlugin,dokkaHtmlPartialRuntime,dokkaHtmlPlugin,dokkaHtmlRuntime,dokkaJavadocPartialPlugin,dokkaJavadocPartialRuntime,dokkaJavadocPlugin,dokkaJavadocRuntime,dokkaJekyllMultiModulePlugin,dokkaJekyllMultiModuleRuntime,dokkaJekyllPartialPlugin,dokkaJekyllPartialRuntime,dokkaJekyllPlugin,dokkaJekyllRuntime
org.jetbrains.kotlinx:kotlinx-coroutines-core:1.7.3=dokkaGfmMultiModulePlugin,dokkaGfmMultiModuleRuntime,dokkaGfmPartialPlugin,dokkaGfmPartialRuntime,dokkaGfmPlugin,dokkaGfmRuntime,dokkaHtmlMultiModulePlugin,dokkaHtmlMultiModuleRuntime,dokkaHtmlPartialPlugin,dokkaHtmlPartialRuntime,dokkaHtmlPlugin,dokkaHtmlRuntime,dokkaJavadocPartialPlugin,dokkaJavadocPartialRuntime,dokkaJavadocPlugin,dokkaJavadocRuntime,dokkaJekyllMultiModulePlugin,dokkaJekyllMultiModuleRuntime,dokkaJekyllPartialPlugin,dokkaJekyllPartialRuntime,dokkaJekyllPlugin,dokkaJekyllRuntime
org.jetbrains.kotlinx:kotlinx-html-jvm:0.9.1=dokkaGfmMultiModulePlugin,dokkaGfmPartialPlugin,dokkaGfmPlugin,dokkaHtmlMultiModulePlugin,dokkaHtmlPartialPlugin,dokkaHtmlPlugin,dokkaJavadocPartialPlugin,dokkaJavadocPlugin,dokkaJekyllMultiModulePlugin,dokkaJekyllPartialPlugin,dokkaJekyllPlugin
org.jetbrains:annotations:23.0.0=dokkaGfmMultiModulePlugin,dokkaGfmMultiModuleRuntime,dokkaGfmPartialPlugin,dokkaGfmPartialRuntime,dokkaGfmPlugin,dokkaGfmRuntime,dokkaHtmlMultiModulePlugin,dokkaHtmlMultiModuleRuntime,dokkaHtmlPartialPlugin,dokkaHtmlPartialRuntime,dokkaHtmlPlugin,dokkaHtmlRuntime,dokkaJavadocPartialPlugin,dokkaJavadocPartialRuntime,dokkaJavadocPlugin,dokkaJavadocRuntime,dokkaJekyllMultiModulePlugin,dokkaJekyllMultiModuleRuntime,dokkaJekyllPartialPlugin,dokkaJekyllPartialRuntime,dokkaJekyllPlugin,dokkaJekyllRuntime
org.jetbrains:markdown-jvm:0.5.2=dokkaGfmMultiModulePlugin,dokkaGfmPartialPlugin,dokkaGfmPlugin,dokkaHtmlMultiModulePlugin,dokkaHtmlPartialPlugin,dokkaHtmlPlugin,dokkaJavadocPartialPlugin,dokkaJavadocPlugin,dokkaJekyllMultiModulePlugin,dokkaJekyllPartialPlugin,dokkaJekyllPlugin
org.jetbrains:markdown:0.5.2=dokkaGfmMultiModulePlugin,dokkaGfmPartialPlugin,dokkaGfmPlugin,dokkaHtmlMultiModulePlugin,dokkaHtmlPartialPlugin,dokkaHtmlPlugin,dokkaJavadocPartialPlugin,dokkaJavadocPlugin,dokkaJekyllMultiModulePlugin,dokkaJekyllPartialPlugin,dokkaJekyllPlugin
org.jsoup:jsoup:1.16.1=dokkaGfmMultiModulePlugin,dokkaGfmPartialPlugin,dokkaGfmPlugin,dokkaHtmlMultiModulePlugin,dokkaHtmlPartialPlugin,dokkaHtmlPlugin,dokkaJavadocPartialPlugin,dokkaJavadocPlugin,dokkaJekyllMultiModulePlugin,dokkaJekyllPartialPlugin,dokkaJekyllPlugin
empty=dokkaPlugin,dokkaRuntime
