# THIS IS AN AUTOGENERATED FILE. DO NOT EDIT THIS FILE DIRECTLY.
# yarn lockfile v1


"vodozemac@https://gitlab.com/api/v4/projects/69401252/packages/generic/libvodozemac/v0.1.3/libvodozemac-web-npm.tar.gz#746386b61df38bab7fb2853a43aacea22e871e75":
  version "1.0.0"
  resolved "https://gitlab.com/api/v4/projects/69401252/packages/generic/libvodozemac/v0.1.3/libvodozemac-web-npm.tar.gz#746386b61df38bab7fb2853a43aacea22e871e75"
